
Microsoft Visual Studio Solution File, Format Version 12.00
# Visual Studio Version 17
VisualStudioVersion = 17.3.32922.545
MinimumVisualStudioVersion = 10.0.40219.1
Project("{FAE04EC0-301F-11D3-BF4B-00C04F79EFBC}") = "Bunea_Denisa_Lab1", "Bunea_Denisa_Lab1.csproj", "{3C3717F5-5CF7-4442-8BA2-F7B8BBAD0704}"
EndProject
Global
	GlobalSection(SolutionConfigurationPlatforms) = preSolution
		Debug|Any CPU = Debug|Any CPU
		Release|Any CPU = Release|Any CPU
	EndGlobalSection
	GlobalSection(ProjectConfigurationPlatforms) = postSolution
		{3C3717F5-5CF7-4442-8BA2-F7B8BBAD0704}.Debug|Any CPU.ActiveCfg = Debug|Any CPU
		{3C3717F5-5CF7-4442-8BA2-F7B8BBAD0704}.Debug|Any CPU.Build.0 = Debug|Any CPU
		{3C3717F5-5CF7-4442-8BA2-F7B8BBAD0704}.Release|Any CPU.ActiveCfg = Release|Any CPU
		{3C3717F5-5CF7-4442-8BA2-F7B8BBAD0704}.Release|Any CPU.Build.0 = Release|Any CPU
	EndGlobalSection
	GlobalSection(SolutionProperties) = preSolution
		HideSolutionNode = FALSE
	EndGlobalSection
	GlobalSection(ExtensibilityGlobals) = postSolution
		SolutionGuid = {7B29F3FC-2B1E-4883-850E-110A3DF07B65}
	EndGlobalSection
EndGlobal
